
Microsoft Visual Studio Solution File, Format Version 12.00
Project("{FAE04EC0-301F-11D3-BF4B-00C04F79EFBC}") = "Bot", "Bot\Bot.csproj", "{B111A071-F5B7-4AE7-91A9-EE89FFDD23B0}"
EndProject
Global
	GlobalSection(SolutionConfigurationPlatforms) = preSolution
		Debug|Any CPU = Debug|Any CPU
		Release|Any CPU = Release|Any CPU
	EndGlobalSection
	GlobalSection(ProjectConfigurationPlatforms) = postSolution
		{B111A071-F5B7-4AE7-91A9-EE89FFDD23B0}.Debug|Any CPU.ActiveCfg = Debug|Any CPU
		{B111A071-F5B7-4AE7-91A9-EE89FFDD23B0}.Debug|Any CPU.Build.0 = Debug|Any CPU
		{B111A071-F5B7-4AE7-91A9-EE89FFDD23B0}.Release|Any CPU.ActiveCfg = Release|Any CPU
		{B111A071-F5B7-4AE7-91A9-EE89FFDD23B0}.Release|Any CPU.Build.0 = Release|Any CPU
	EndGlobalSection
EndGlobal
